
Microsoft Visual Studio Solution File, Format Version 12.00
# Visual Studio 15
VisualStudioVersion = 15.0.28307.645
MinimumVisualStudioVersion = 10.0.40219.1
Project("{FAE04EC0-301F-11D3-BF4B-00C04F79EFBC}") = "Account", "Account\Account.csproj", "{FE63F6F7-F42F-4553-B887-BA956FFDDB36}"
EndProject
Project("{FAE04EC0-301F-11D3-BF4B-00C04F79EFBC}") = "Test", "Test\Test.csproj", "{67116D0A-DB50-4D1B-B3AD-7A2FAD936563}"
EndProject
Global
	GlobalSection(SolutionConfigurationPlatforms) = preSolution
		Debug|Any CPU = Debug|Any CPU
		Release|Any CPU = Release|Any CPU
	EndGlobalSection
	GlobalSection(ProjectConfigurationPlatforms) = postSolution
		{FE63F6F7-F42F-4553-B887-BA956FFDDB36}.Debug|Any CPU.ActiveCfg = Debug|Any CPU
		{FE63F6F7-F42F-4553-B887-BA956FFDDB36}.Debug|Any CPU.Build.0 = Debug|Any CPU
		{FE63F6F7-F42F-4553-B887-BA956FFDDB36}.Release|Any CPU.ActiveCfg = Release|Any CPU
		{FE63F6F7-F42F-4553-B887-BA956FFDDB36}.Release|Any CPU.Build.0 = Release|Any CPU
		{67116D0A-DB50-4D1B-B3AD-7A2FAD936563}.Debug|Any CPU.ActiveCfg = Debug|Any CPU
		{67116D0A-DB50-4D1B-B3AD-7A2FAD936563}.Debug|Any CPU.Build.0 = Debug|Any CPU
		{67116D0A-DB50-4D1B-B3AD-7A2FAD936563}.Release|Any CPU.ActiveCfg = Release|Any CPU
		{67116D0A-DB50-4D1B-B3AD-7A2FAD936563}.Release|Any CPU.Build.0 = Release|Any CPU
	EndGlobalSection
	GlobalSection(SolutionProperties) = preSolution
		HideSolutionNode = FALSE
	EndGlobalSection
	GlobalSection(ExtensibilityGlobals) = postSolution
		SolutionGuid = {E51E8A11-6A11-444F-81B2-C881CABEEECC}
	EndGlobalSection
EndGlobal
