
Microsoft Visual Studio Solution File, Format Version 12.00
# Visual Studio 15
VisualStudioVersion = 15.0.28307.645
MinimumVisualStudioVersion = 10.0.40219.1
Project("{9A19103F-16F7-4668-BE54-9A1E7A4F7556}") = "AccountBalance_ReactJs", "AccountBalance_ReactJs\AccountBalance_ReactJs.csproj", "{C3911E1B-3467-4B3C-B04F-CCE260B92C26}"
EndProject
Project("{FAE04EC0-301F-11D3-BF4B-00C04F79EFBC}") = "Test", "Test\Test.csproj", "{18512B43-92B0-430B-B431-0CBF844F281E}"
EndProject
Global
	GlobalSection(SolutionConfigurationPlatforms) = preSolution
		Debug|Any CPU = Debug|Any CPU
		Release|Any CPU = Release|Any CPU
	EndGlobalSection
	GlobalSection(ProjectConfigurationPlatforms) = postSolution
		{C3911E1B-3467-4B3C-B04F-CCE260B92C26}.Debug|Any CPU.ActiveCfg = Debug|Any CPU
		{C3911E1B-3467-4B3C-B04F-CCE260B92C26}.Debug|Any CPU.Build.0 = Debug|Any CPU
		{C3911E1B-3467-4B3C-B04F-CCE260B92C26}.Release|Any CPU.ActiveCfg = Release|Any CPU
		{C3911E1B-3467-4B3C-B04F-CCE260B92C26}.Release|Any CPU.Build.0 = Release|Any CPU
		{18512B43-92B0-430B-B431-0CBF844F281E}.Debug|Any CPU.ActiveCfg = Debug|Any CPU
		{18512B43-92B0-430B-B431-0CBF844F281E}.Debug|Any CPU.Build.0 = Debug|Any CPU
		{18512B43-92B0-430B-B431-0CBF844F281E}.Release|Any CPU.ActiveCfg = Release|Any CPU
		{18512B43-92B0-430B-B431-0CBF844F281E}.Release|Any CPU.Build.0 = Release|Any CPU
	EndGlobalSection
	GlobalSection(SolutionProperties) = preSolution
		HideSolutionNode = FALSE
	EndGlobalSection
	GlobalSection(ExtensibilityGlobals) = postSolution
		SolutionGuid = {8852C266-0D44-4A7E-AF1E-A11377EB7BCF}
	EndGlobalSection
EndGlobal
